
Microsoft Visual Studio Solution File, Format Version 12.00
# Visual Studio Version 16
VisualStudioVersion = 16.0.29709.97
MinimumVisualStudioVersion = 10.0.40219.1
Project("{FAE04EC0-301F-11D3-BF4B-00C04F79EFBC}") = "Paketroboter", "Paketroboter\Paketroboter.csproj", "{AD8A15DB-5EB5-4775-9D81-17C90318F21D}"
EndProject
Global
	GlobalSection(SolutionConfigurationPlatforms) = preSolution
		Debug|Any CPU = Debug|Any CPU
		Release|Any CPU = Release|Any CPU
	EndGlobalSection
	GlobalSection(ProjectConfigurationPlatforms) = postSolution
		{AD8A15DB-5EB5-4775-9D81-17C90318F21D}.Debug|Any CPU.ActiveCfg = Debug|Any CPU
		{AD8A15DB-5EB5-4775-9D81-17C90318F21D}.Debug|Any CPU.Build.0 = Debug|Any CPU
		{AD8A15DB-5EB5-4775-9D81-17C90318F21D}.Release|Any CPU.ActiveCfg = Release|Any CPU
		{AD8A15DB-5EB5-4775-9D81-17C90318F21D}.Release|Any CPU.Build.0 = Release|Any CPU
	EndGlobalSection
	GlobalSection(SolutionProperties) = preSolution
		HideSolutionNode = FALSE
	EndGlobalSection
	GlobalSection(ExtensibilityGlobals) = postSolution
		SolutionGuid = {56A2B70B-8FAD-4936-A780-C92148678229}
	EndGlobalSection
EndGlobal
